
Microsoft Visual Studio Solution File, Format Version 12.00
# Visual Studio Version 17
VisualStudioVersion = 17.5.002.0
MinimumVisualStudioVersion = 10.0.40219.1
Project("{9A19103F-16F7-4668-BE54-9A1E7A4F7556}") = "LHPet", "LHPet.csproj", "{16C0A54E-EAAF-47FB-B9F3-9F9816990CD3}"
EndProject
Global
	GlobalSection(SolutionConfigurationPlatforms) = preSolution
		Debug|Any CPU = Debug|Any CPU
		Release|Any CPU = Release|Any CPU
	EndGlobalSection
	GlobalSection(ProjectConfigurationPlatforms) = postSolution
		{16C0A54E-EAAF-47FB-B9F3-9F9816990CD3}.Debug|Any CPU.ActiveCfg = Debug|Any CPU
		{16C0A54E-EAAF-47FB-B9F3-9F9816990CD3}.Debug|Any CPU.Build.0 = Debug|Any CPU
		{16C0A54E-EAAF-47FB-B9F3-9F9816990CD3}.Release|Any CPU.ActiveCfg = Release|Any CPU
		{16C0A54E-EAAF-47FB-B9F3-9F9816990CD3}.Release|Any CPU.Build.0 = Release|Any CPU
	EndGlobalSection
	GlobalSection(SolutionProperties) = preSolution
		HideSolutionNode = FALSE
	EndGlobalSection
	GlobalSection(ExtensibilityGlobals) = postSolution
		SolutionGuid = {318E7BED-D51B-4B90-A8E9-8D476BB5999E}
	EndGlobalSection
EndGlobal
